# This file is autogenerated, do not edit; changes may be undone by the next 'dep ensure'.


[[projects]]
  branch = "master"
  name = "github.com/dsnet/compress"
  packages = [".","bzip2","bzip2/internal/sais","internal","internal/errors","internal/prefix"]
  revision = "c4dbed65594871659ea7347a85e1b8dcd97b9990"

[[projects]]
  branch = "master"
  name = "github.com/groob/plist"
  packages = ["."]
  revision = "cd4f0bb6166577d40876bd169683d481e8082502"

[[projects]]
  name = "github.com/satori/go.uuid"
  packages = ["."]
  revision = "879c5887cd475cd7864858769793b2ceb0d44feb"
  version = "v1.1.0"

[solve-meta]
  analyzer-name = "dep"
  analyzer-version = 1
  inputs-digest = "af0c43ccf3bd4ecf4dcc087ab2e8ab50ab3a48a789133264f5a4ba7d6eff71fe"
  solver-name = "gps-cdcl"
  solver-version = 1
